// !$*UTF8*$!
{
	archiveVersion = 1;
	classes = {
	};
	objectVersion = 56;
	objects = {

/* Begin PBXBuildFile section */
		C781D43C2B4592580050D04A /* IsThereNetApp.swift in Sources */ = {isa = PBXBuildFile; fileRef = C781D43B2B4592580050D04A /* IsThereNetApp.swift */; };
		C781D4402B4592590050D04A /* Assets.xcassets in Resources */ = {isa = PBXBuildFile; fileRef = C781D43F2B4592590050D04A /* Assets.xcassets */; };
		C781D4432B4592590050D04A /* Preview Assets.xcassets in Resources */ = {isa = PBXBuildFile; fileRef = C781D4422B4592590050D04A /* Preview Assets.xcassets */; };
		C781D44D2B4815510050D04A /* fping in Resources */ = {isa = PBXBuildFile; fileRef = C781D44C2B4815510050D04A /* fping */; };
		C7AD8E8F2C36A6E5008E4182 /* ColorCode in Frameworks */ = {isa = PBXBuildFile; productRef = C7AD8E8E2C36A6E5008E4182 /* ColorCode */; };
/* End PBXBuildFile section */

/* Begin PBXFileReference section */
		C781D4382B4592580050D04A /* IsThereNet.app */ = {isa = PBXFileReference; explicitFileType = wrapper.application; includeInIndex = 0; path = IsThereNet.app; sourceTree = BUILT_PRODUCTS_DIR; };
		C781D43B2B4592580050D04A /* IsThereNetApp.swift */ = {isa = PBXFileReference; lastKnownFileType = sourcecode.swift; path = IsThereNetApp.swift; sourceTree = "<group>"; };
		C781D43F2B4592590050D04A /* Assets.xcassets */ = {isa = PBXFileReference; lastKnownFileType = folder.assetcatalog; path = Assets.xcassets; sourceTree = "<group>"; };
		C781D4422B4592590050D04A /* Preview Assets.xcassets */ = {isa = PBXFileReference; lastKnownFileType = folder.assetcatalog; path = "Preview Assets.xcassets"; sourceTree = "<group>"; };
		C781D4442B4592590050D04A /* IsThereNet.entitlements */ = {isa = PBXFileReference; lastKnownFileType = text.plist.entitlements; path = IsThereNet.entitlements; sourceTree = "<group>"; };
		C781D44C2B4815510050D04A /* fping */ = {isa = PBXFileReference; lastKnownFileType = "compiled.mach-o.executable"; path = fping; sourceTree = "<group>"; };
		C7AD8E8C2C369C2E008E4182 /* Info.plist */ = {isa = PBXFileReference; lastKnownFileType = text.plist; path = Info.plist; sourceTree = "<group>"; };
/* End PBXFileReference section */

/* Begin PBXFrameworksBuildPhase section */
		C781D4352B4592580050D04A /* Frameworks */ = {
			isa = PBXFrameworksBuildPhase;
			buildActionMask = 2147483647;
			files = (
				C7AD8E8F2C36A6E5008E4182 /* ColorCode in Frameworks */,
			);
			runOnlyForDeploymentPostprocessing = 0;
		};
/* End PBXFrameworksBuildPhase section */

/* Begin PBXGroup section */
		C781D42F2B4592570050D04A = {
			isa = PBXGroup;
			children = (
				C781D43A2B4592580050D04A /* IsThereNet */,
				C781D4392B4592580050D04A /* Products */,
			);
			sourceTree = "<group>";
		};
		C781D4392B4592580050D04A /* Products */ = {
			isa = PBXGroup;
			children = (
				C781D4382B4592580050D04A /* IsThereNet.app */,
			);
			name = Products;
			sourceTree = "<group>";
		};
		C781D43A2B4592580050D04A /* IsThereNet */ = {
			isa = PBXGroup;
			children = (
				C7AD8E8C2C369C2E008E4182 /* Info.plist */,
				C781D44C2B4815510050D04A /* fping */,
				C781D43B2B4592580050D04A /* IsThereNetApp.swift */,
				C781D43F2B4592590050D04A /* Assets.xcassets */,
				C781D4442B4592590050D04A /* IsThereNet.entitlements */,
				C781D4412B4592590050D04A /* Preview Content */,
			);
			path = IsThereNet;
			sourceTree = "<group>";
		};
		C781D4412B4592590050D04A /* Preview Content */ = {
			isa = PBXGroup;
			children = (
				C781D4422B4592590050D04A /* Preview Assets.xcassets */,
			);
			path = "Preview Content";
			sourceTree = "<group>";
		};
/* End PBXGroup section */

/* Begin PBXNativeTarget section */
		C781D4372B4592580050D04A /* IsThereNet */ = {
			isa = PBXNativeTarget;
			buildConfigurationList = C781D4472B4592590050D04A /* Build configuration list for PBXNativeTarget "IsThereNet" */;
			buildPhases = (
				C781D4342B4592580050D04A /* Sources */,
				C781D4352B4592580050D04A /* Frameworks */,
				C781D4362B4592580050D04A /* Resources */,
				C73692182B48513D007E298F /* Create _MASReceipt */,
			);
			buildRules = (
			);
			dependencies = (
			);
			name = IsThereNet;
			packageProductDependencies = (
				C7AD8E8E2C36A6E5008E4182 /* ColorCode */,
			);
			productName = IsThereNet;
			productReference = C781D4382B4592580050D04A /* IsThereNet.app */;
			productType = "com.apple.product-type.application";
		};
/* End PBXNativeTarget section */

/* Begin PBXProject section */
		C781D4302B4592570050D04A /* Project object */ = {
			isa = PBXProject;
			attributes = {
				BuildIndependentTargetsInParallel = 1;
				LastSwiftUpdateCheck = 1510;
				LastUpgradeCheck = 1520;
				TargetAttributes = {
					C781D4372B4592580050D04A = {
						CreatedOnToolsVersion = 15.1;
					};
				};
			};
			buildConfigurationList = C781D4332B4592570050D04A /* Build configuration list for PBXProject "IsThereNet" */;
			compatibilityVersion = "Xcode 14.0";
			developmentRegion = en;
			hasScannedForEncodings = 0;
			knownRegions = (
				en,
				Base,
			);
			mainGroup = C781D42F2B4592570050D04A;
			packageReferences = (
				C7AD8E8D2C36A6E5008E4182 /* XCRemoteSwiftPackageReference "WFColorCode" */,
			);
			productRefGroup = C781D4392B4592580050D04A /* Products */;
			projectDirPath = "";
			projectRoot = "";
			targets = (
				C781D4372B4592580050D04A /* IsThereNet */,
			);
		};
/* End PBXProject section */

/* Begin PBXResourcesBuildPhase section */
		C781D4362B4592580050D04A /* Resources */ = {
			isa = PBXResourcesBuildPhase;
			buildActionMask = 2147483647;
			files = (
				C781D44D2B4815510050D04A /* fping in Resources */,
				C781D4432B4592590050D04A /* Preview Assets.xcassets in Resources */,
				C781D4402B4592590050D04A /* Assets.xcassets in Resources */,
			);
			runOnlyForDeploymentPostprocessing = 0;
		};
/* End PBXResourcesBuildPhase section */

/* Begin PBXShellScriptBuildPhase section */
		C73692182B48513D007E298F /* Create _MASReceipt */ = {
			isa = PBXShellScriptBuildPhase;
			buildActionMask = 2147483647;
			files = (
			);
			inputFileListPaths = (
			);
			inputPaths = (
			);
			name = "Create _MASReceipt";
			outputFileListPaths = (
			);
			outputPaths = (
				"$(CODESIGNING_FOLDER_PATH)/Contents/_MASReceipt/receipt",
			);
			runOnlyForDeploymentPostprocessing = 0;
			shellPath = /bin/sh;
			shellScript = "mkdir -p \"$CODESIGNING_FOLDER_PATH/Contents/_MASReceipt\"\ntouch \"$CODESIGNING_FOLDER_PATH/Contents/_MASReceipt/receipt\"\n";
		};
/* End PBXShellScriptBuildPhase section */

/* Begin PBXSourcesBuildPhase section */
		C781D4342B4592580050D04A /* Sources */ = {
			isa = PBXSourcesBuildPhase;
			buildActionMask = 2147483647;
			files = (
				C781D43C2B4592580050D04A /* IsThereNetApp.swift in Sources */,
			);
			runOnlyForDeploymentPostprocessing = 0;
		};
/* End PBXSourcesBuildPhase section */

/* Begin XCBuildConfiguration section */
		C781D4452B4592590050D04A /* Debug */ = {
			isa = XCBuildConfiguration;
			buildSettings = {
				ALWAYS_SEARCH_USER_PATHS = NO;
				ASSETCATALOG_COMPILER_GENERATE_SWIFT_ASSET_SYMBOL_EXTENSIONS = YES;
				CLANG_ANALYZER_NONNULL = YES;
				CLANG_ANALYZER_NUMBER_OBJECT_CONVERSION = YES_AGGRESSIVE;
				CLANG_CXX_LANGUAGE_STANDARD = "gnu++20";
				CLANG_ENABLE_MODULES = YES;
				CLANG_ENABLE_OBJC_ARC = YES;
				CLANG_ENABLE_OBJC_WEAK = YES;
				CLANG_WARN_BLOCK_CAPTURE_AUTORELEASING = YES;
				CLANG_WARN_BOOL_CONVERSION = YES;
				CLANG_WARN_COMMA = YES;
				CLANG_WARN_CONSTANT_CONVERSION = YES;
				CLANG_WARN_DEPRECATED_OBJC_IMPLEMENTATIONS = YES;
				CLANG_WARN_DIRECT_OBJC_ISA_USAGE = YES_ERROR;
				CLANG_WARN_DOCUMENTATION_COMMENTS = YES;
				CLANG_WARN_EMPTY_BODY = YES;
				CLANG_WARN_ENUM_CONVERSION = YES;
				CLANG_WARN_INFINITE_RECURSION = YES;
				CLANG_WARN_INT_CONVERSION = YES;
				CLANG_WARN_NON_LITERAL_NULL_CONVERSION = YES;
				CLANG_WARN_OBJC_IMPLICIT_RETAIN_SELF = YES;
				CLANG_WARN_OBJC_LITERAL_CONVERSION = YES;
				CLANG_WARN_OBJC_ROOT_CLASS = YES_ERROR;
				CLANG_WARN_QUOTED_INCLUDE_IN_FRAMEWORK_HEADER = YES;
				CLANG_WARN_RANGE_LOOP_ANALYSIS = YES;
				CLANG_WARN_STRICT_PROTOTYPES = YES;
				CLANG_WARN_SUSPICIOUS_MOVE = YES;
				CLANG_WARN_UNGUARDED_AVAILABILITY = YES_AGGRESSIVE;
				CLANG_WARN_UNREACHABLE_CODE = YES;
				CLANG_WARN__DUPLICATE_METHOD_MATCH = YES;
				COPY_PHASE_STRIP = NO;
				DEAD_CODE_STRIPPING = YES;
				DEBUG_INFORMATION_FORMAT = dwarf;
				ENABLE_STRICT_OBJC_MSGSEND = YES;
				ENABLE_TESTABILITY = YES;
				ENABLE_USER_SCRIPT_SANDBOXING = YES;
				GCC_C_LANGUAGE_STANDARD = gnu17;
				GCC_DYNAMIC_NO_PIC = NO;
				GCC_NO_COMMON_BLOCKS = YES;
				GCC_OPTIMIZATION_LEVEL = 0;
				GCC_PREPROCESSOR_DEFINITIONS = (
					"DEBUG=1",
					"$(inherited)",
				);
				GCC_WARN_64_TO_32_BIT_CONVERSION = YES;
				GCC_WARN_ABOUT_RETURN_TYPE = YES_ERROR;
				GCC_WARN_UNDECLARED_SELECTOR = YES;
				GCC_WARN_UNINITIALIZED_AUTOS = YES_AGGRESSIVE;
				GCC_WARN_UNUSED_FUNCTION = YES;
				GCC_WARN_UNUSED_VARIABLE = YES;
				LOCALIZATION_PREFERS_STRING_CATALOGS = YES;
				MACOSX_DEPLOYMENT_TARGET = 14.2;
				MTL_ENABLE_DEBUG_INFO = INCLUDE_SOURCE;
				MTL_FAST_MATH = YES;
				ONLY_ACTIVE_ARCH = YES;
				SDKROOT = macosx;
				SWIFT_ACTIVE_COMPILATION_CONDITIONS = "DEBUG $(inherited)";
				SWIFT_OPTIMIZATION_LEVEL = "-Onone";
			};
			name = Debug;
		};
		C781D4462B4592590050D04A /* Release */ = {
			isa = XCBuildConfiguration;
			buildSettings = {
				ALWAYS_SEARCH_USER_PATHS = NO;
				ASSETCATALOG_COMPILER_GENERATE_SWIFT_ASSET_SYMBOL_EXTENSIONS = YES;
				CLANG_ANALYZER_NONNULL = YES;
				CLANG_ANALYZER_NUMBER_OBJECT_CONVERSION = YES_AGGRESSIVE;
				CLANG_CXX_LANGUAGE_STANDARD = "gnu++20";
				CLANG_ENABLE_MODULES = YES;
				CLANG_ENABLE_OBJC_ARC = YES;
				CLANG_ENABLE_OBJC_WEAK = YES;
				CLANG_WARN_BLOCK_CAPTURE_AUTORELEASING = YES;
				CLANG_WARN_BOOL_CONVERSION = YES;
				CLANG_WARN_COMMA = YES;
				CLANG_WARN_CONSTANT_CONVERSION = YES;
				CLANG_WARN_DEPRECATED_OBJC_IMPLEMENTATIONS = YES;
				CLANG_WARN_DIRECT_OBJC_ISA_USAGE = YES_ERROR;
				CLANG_WARN_DOCUMENTATION_COMMENTS = YES;
				CLANG_WARN_EMPTY_BODY = YES;
				CLANG_WARN_ENUM_CONVERSION = YES;
				CLANG_WARN_INFINITE_RECURSION = YES;
				CLANG_WARN_INT_CONVERSION = YES;
				CLANG_WARN_NON_LITERAL_NULL_CONVERSION = YES;
				CLANG_WARN_OBJC_IMPLICIT_RETAIN_SELF = YES;
				CLANG_WARN_OBJC_LITERAL_CONVERSION = YES;
				CLANG_WARN_OBJC_ROOT_CLASS = YES_ERROR;
				CLANG_WARN_QUOTED_INCLUDE_IN_FRAMEWORK_HEADER = YES;
				CLANG_WARN_RANGE_LOOP_ANALYSIS = YES;
				CLANG_WARN_STRICT_PROTOTYPES = YES;
				CLANG_WARN_SUSPICIOUS_MOVE = YES;
				CLANG_WARN_UNGUARDED_AVAILABILITY = YES_AGGRESSIVE;
				CLANG_WARN_UNREACHABLE_CODE = YES;
				CLANG_WARN__DUPLICATE_METHOD_MATCH = YES;
				COPY_PHASE_STRIP = NO;
				DEAD_CODE_STRIPPING = YES;
				DEBUG_INFORMATION_FORMAT = "dwarf-with-dsym";
				ENABLE_NS_ASSERTIONS = NO;
				ENABLE_STRICT_OBJC_MSGSEND = YES;
				ENABLE_USER_SCRIPT_SANDBOXING = YES;
				GCC_C_LANGUAGE_STANDARD = gnu17;
				GCC_NO_COMMON_BLOCKS = YES;
				GCC_WARN_64_TO_32_BIT_CONVERSION = YES;
				GCC_WARN_ABOUT_RETURN_TYPE = YES_ERROR;
				GCC_WARN_UNDECLARED_SELECTOR = YES;
				GCC_WARN_UNINITIALIZED_AUTOS = YES_AGGRESSIVE;
				GCC_WARN_UNUSED_FUNCTION = YES;
				GCC_WARN_UNUSED_VARIABLE = YES;
				LOCALIZATION_PREFERS_STRING_CATALOGS = YES;
				MACOSX_DEPLOYMENT_TARGET = 14.2;
				MTL_ENABLE_DEBUG_INFO = NO;
				MTL_FAST_MATH = YES;
				SDKROOT = macosx;
				SWIFT_COMPILATION_MODE = wholemodule;
			};
			name = Release;
		};
		C781D4482B4592590050D04A /* Debug */ = {
			isa = XCBuildConfiguration;
			buildSettings = {
				ASSETCATALOG_COMPILER_APPICON_NAME = AppIcon;
				ASSETCATALOG_COMPILER_GLOBAL_ACCENT_COLOR_NAME = AccentColor;
				CODE_SIGN_ENTITLEMENTS = IsThereNet/IsThereNet.entitlements;
				CODE_SIGN_STYLE = Automatic;
				COMBINE_HIDPI_IMAGES = YES;
				CURRENT_PROJECT_VERSION = 10;
				DEAD_CODE_STRIPPING = YES;
				DEVELOPMENT_ASSET_PATHS = "\"IsThereNet/Preview Content\"";
				DEVELOPMENT_TEAM = RDDXV84A73;
				ENABLE_HARDENED_RUNTIME = YES;
				ENABLE_PREVIEWS = YES;
				GENERATE_INFOPLIST_FILE = YES;
				INFOPLIST_FILE = IsThereNet/Info.plist;
				INFOPLIST_KEY_CFBundleDisplayName = IsThereNet;
				INFOPLIST_KEY_LSApplicationCategoryType = "public.app-category.utilities";
				INFOPLIST_KEY_LSUIElement = YES;
				INFOPLIST_KEY_NSFocusStatusUsageDescription = "The app needs Focus access to pause notification sounds at appropriate times";
				INFOPLIST_KEY_NSHumanReadableCopyright = "";
				LD_RUNPATH_SEARCH_PATHS = (
					"$(inherited)",
					"@executable_path/../Frameworks",
				);
				MACOSX_DEPLOYMENT_TARGET = 11.0;
				MARKETING_VERSION = 1.5;
				PRODUCT_BUNDLE_IDENTIFIER = com.lowtechguys.IsThereNet;
				PRODUCT_NAME = "$(TARGET_NAME)";
				SWIFT_EMIT_LOC_STRINGS = YES;
				SWIFT_VERSION = 5.0;
			};
			name = Debug;
		};
		C781D4492B4592590050D04A /* Release */ = {
			isa = XCBuildConfiguration;
			buildSettings = {
				ASSETCATALOG_COMPILER_APPICON_NAME = AppIcon;
				ASSETCATALOG_COMPILER_GLOBAL_ACCENT_COLOR_NAME = AccentColor;
				CODE_SIGN_ENTITLEMENTS = IsThereNet/IsThereNet.entitlements;
				CODE_SIGN_STYLE = Automatic;
				COMBINE_HIDPI_IMAGES = YES;
				CURRENT_PROJECT_VERSION = 10;
				DEAD_CODE_STRIPPING = YES;
				DEVELOPMENT_ASSET_PATHS = "\"IsThereNet/Preview Content\"";
				DEVELOPMENT_TEAM = RDDXV84A73;
				ENABLE_HARDENED_RUNTIME = YES;
				ENABLE_PREVIEWS = YES;
				GENERATE_INFOPLIST_FILE = YES;
				INFOPLIST_FILE = IsThereNet/Info.plist;
				INFOPLIST_KEY_CFBundleDisplayName = IsThereNet;
				INFOPLIST_KEY_LSApplicationCategoryType = "public.app-category.utilities";
				INFOPLIST_KEY_LSUIElement = YES;
				INFOPLIST_KEY_NSFocusStatusUsageDescription = "The app needs Focus access to pause notification sounds at appropriate times";
				INFOPLIST_KEY_NSHumanReadableCopyright = "";
				LD_RUNPATH_SEARCH_PATHS = (
					"$(inherited)",
					"@executable_path/../Frameworks",
				);
				MACOSX_DEPLOYMENT_TARGET = 11.0;
				MARKETING_VERSION = 1.5;
				PRODUCT_BUNDLE_IDENTIFIER = com.lowtechguys.IsThereNet;
				PRODUCT_NAME = "$(TARGET_NAME)";
				SWIFT_EMIT_LOC_STRINGS = YES;
				SWIFT_VERSION = 5.0;
			};
			name = Release;
		};
/* End XCBuildConfiguration section */

/* Begin XCConfigurationList section */
		C781D4332B4592570050D04A /* Build configuration list for PBXProject "IsThereNet" */ = {
			isa = XCConfigurationList;
			buildConfigurations = (
				C781D4452B4592590050D04A /* Debug */,
				C781D4462B4592590050D04A /* Release */,
			);
			defaultConfigurationIsVisible = 0;
			defaultConfigurationName = Release;
		};
		C781D4472B4592590050D04A /* Build configuration list for PBXNativeTarget "IsThereNet" */ = {
			isa = XCConfigurationList;
			buildConfigurations = (
				C781D4482B4592590050D04A /* Debug */,
				C781D4492B4592590050D04A /* Release */,
			);
			defaultConfigurationIsVisible = 0;
			defaultConfigurationName = Release;
		};
/* End XCConfigurationList section */

/* Begin XCRemoteSwiftPackageReference section */
		C7AD8E8D2C36A6E5008E4182 /* XCRemoteSwiftPackageReference "WFColorCode" */ = {
			isa = XCRemoteSwiftPackageReference;
			repositoryURL = "https://github.com/1024jp/WFColorCode/";
			requirement = {
				kind = upToNextMajorVersion;
				minimumVersion = 2.10.0;
			};
		};
/* End XCRemoteSwiftPackageReference section */

/* Begin XCSwiftPackageProductDependency section */
		C7AD8E8E2C36A6E5008E4182 /* ColorCode */ = {
			isa = XCSwiftPackageProductDependency;
			package = C7AD8E8D2C36A6E5008E4182 /* XCRemoteSwiftPackageReference "WFColorCode" */;
			productName = ColorCode;
		};
/* End XCSwiftPackageProductDependency section */
	};
	rootObject = C781D4302B4592570050D04A /* Project object */;
}
